
Microsoft Visual Studio Solution File, Format Version 12.00
# Visual Studio 15
VisualStudioVersion = 15.0.28307.645
MinimumVisualStudioVersion = 10.0.40219.1
Project("{FAE04EC0-301F-11D3-BF4B-00C04F79EFBC}") = "DockerWeb_Test", "DockerWeb_Test\DockerWeb_Test.csproj", "{FB0FF1A3-FF2D-4120-B4B6-54F4B782C28F}"
EndProject
Global
	GlobalSection(SolutionConfigurationPlatforms) = preSolution
		Debug|Any CPU = Debug|Any CPU
		Release|Any CPU = Release|Any CPU
	EndGlobalSection
	GlobalSection(ProjectConfigurationPlatforms) = postSolution
		{FB0FF1A3-FF2D-4120-B4B6-54F4B782C28F}.Debug|Any CPU.ActiveCfg = Debug|Any CPU
		{FB0FF1A3-FF2D-4120-B4B6-54F4B782C28F}.Debug|Any CPU.Build.0 = Debug|Any CPU
		{FB0FF1A3-FF2D-4120-B4B6-54F4B782C28F}.Release|Any CPU.ActiveCfg = Release|Any CPU
		{FB0FF1A3-FF2D-4120-B4B6-54F4B782C28F}.Release|Any CPU.Build.0 = Release|Any CPU
	EndGlobalSection
	GlobalSection(SolutionProperties) = preSolution
		HideSolutionNode = FALSE
	EndGlobalSection
	GlobalSection(ExtensibilityGlobals) = postSolution
		SolutionGuid = {A9F278DD-8C01-4B73-9C04-AC04F91A89D4}
	EndGlobalSection
EndGlobal
